
Microsoft Visual Studio Solution File, Format Version 12.00
# Visual Studio Version 17
VisualStudioVersion = 17.7.34018.315
MinimumVisualStudioVersion = 10.0.40219.1
Project("{9A19103F-16F7-4668-BE54-9A1E7A4F7556}") = "ASP-API", "ASP-API\ASP-API.csproj", "{CC2CCAC8-03C2-46F1-83F9-16919BBF2607}"
EndProject
Global
	GlobalSection(SolutionConfigurationPlatforms) = preSolution
		Debug|Any CPU = Debug|Any CPU
		Debug|x64 = Debug|x64
		Release|Any CPU = Release|Any CPU
		Release|x64 = Release|x64
	EndGlobalSection
	GlobalSection(ProjectConfigurationPlatforms) = postSolution
		{CC2CCAC8-03C2-46F1-83F9-16919BBF2607}.Debug|Any CPU.ActiveCfg = Debug|x64
		{CC2CCAC8-03C2-46F1-83F9-16919BBF2607}.Debug|Any CPU.Build.0 = Debug|x64
		{CC2CCAC8-03C2-46F1-83F9-16919BBF2607}.Debug|x64.ActiveCfg = Debug|x64
		{CC2CCAC8-03C2-46F1-83F9-16919BBF2607}.Debug|x64.Build.0 = Debug|x64
		{CC2CCAC8-03C2-46F1-83F9-16919BBF2607}.Release|Any CPU.ActiveCfg = Release|Any CPU
		{CC2CCAC8-03C2-46F1-83F9-16919BBF2607}.Release|Any CPU.Build.0 = Release|Any CPU
		{CC2CCAC8-03C2-46F1-83F9-16919BBF2607}.Release|x64.ActiveCfg = Release|Any CPU
		{CC2CCAC8-03C2-46F1-83F9-16919BBF2607}.Release|x64.Build.0 = Release|Any CPU
	EndGlobalSection
	GlobalSection(SolutionProperties) = preSolution
		HideSolutionNode = FALSE
	EndGlobalSection
	GlobalSection(ExtensibilityGlobals) = postSolution
		SolutionGuid = {D9BFD1C7-ACC7-4490-9F45-BD87448D114C}
	EndGlobalSection
EndGlobal
